
Microsoft Visual Studio Solution File, Format Version 12.00
# Visual Studio Version 17
VisualStudioVersion = 17.7.34031.279
MinimumVisualStudioVersion = 10.0.40219.1
Project("{FAE04EC0-301F-11D3-BF4B-00C04F79EFBC}") = "AlcoPlus.API", "AlcoPlus.API\AlcoPlus.API.csproj", "{7AEA0803-B85A-4D3D-B298-8F4C0D55E823}"
EndProject
Global
	GlobalSection(SolutionConfigurationPlatforms) = preSolution
		Debug|Any CPU = Debug|Any CPU
		Release|Any CPU = Release|Any CPU
	EndGlobalSection
	GlobalSection(ProjectConfigurationPlatforms) = postSolution
		{7AEA0803-B85A-4D3D-B298-8F4C0D55E823}.Debug|Any CPU.ActiveCfg = Debug|Any CPU
		{7AEA0803-B85A-4D3D-B298-8F4C0D55E823}.Debug|Any CPU.Build.0 = Debug|Any CPU
		{7AEA0803-B85A-4D3D-B298-8F4C0D55E823}.Release|Any CPU.ActiveCfg = Release|Any CPU
		{7AEA0803-B85A-4D3D-B298-8F4C0D55E823}.Release|Any CPU.Build.0 = Release|Any CPU
	EndGlobalSection
	GlobalSection(SolutionProperties) = preSolution
		HideSolutionNode = FALSE
	EndGlobalSection
	GlobalSection(ExtensibilityGlobals) = postSolution
		SolutionGuid = {DFA2F268-898E-4261-A60D-8A6B38755278}
	EndGlobalSection
EndGlobal
